
Microsoft Visual Studio Solution File, Format Version 12.00
# Visual Studio 15
VisualStudioVersion = 15.0.28307.757
MinimumVisualStudioVersion = 10.0.40219.1
Project("{FAE04EC0-301F-11D3-BF4B-00C04F79EFBC}") = "Snake", "Snake\Snake.csproj", "{FC4D696B-692E-492C-87C6-0537BFF52547}"
EndProject
Global
	GlobalSection(SolutionConfigurationPlatforms) = preSolution
		Debug|Any CPU = Debug|Any CPU
		Release|Any CPU = Release|Any CPU
	EndGlobalSection
	GlobalSection(ProjectConfigurationPlatforms) = postSolution
		{FC4D696B-692E-492C-87C6-0537BFF52547}.Debug|Any CPU.ActiveCfg = Debug|Any CPU
		{FC4D696B-692E-492C-87C6-0537BFF52547}.Debug|Any CPU.Build.0 = Debug|Any CPU
		{FC4D696B-692E-492C-87C6-0537BFF52547}.Release|Any CPU.ActiveCfg = Release|Any CPU
		{FC4D696B-692E-492C-87C6-0537BFF52547}.Release|Any CPU.Build.0 = Release|Any CPU
	EndGlobalSection
	GlobalSection(SolutionProperties) = preSolution
		HideSolutionNode = FALSE
	EndGlobalSection
	GlobalSection(ExtensibilityGlobals) = postSolution
		SolutionGuid = {E468A422-F8CA-4D5C-BF8A-163F6B300ECF}
	EndGlobalSection
EndGlobal
